# This file is autogenerated, do not edit; changes may be undone by the next 'dep ensure'.


[[projects]]
  digest = "1:50e893a85575fa48dc4982a279e50e2fd8b74e4f7c587860c1e25c77083b8125"
  name = "github.com/cihub/seelog"
  packages = ["."]
  pruneopts = "UT"
  revision = "d2c6e5aa9fbfdd1c624e140287063c7730654115"
  version = "v2.6"

[[projects]]
  digest = "1:b5583253b6a691a3d223028bd3029b1be8a9cbd0f2dad870e9953f5c8c6cc1e0"
  name = "github.com/eoscanada/eos-go"
  packages = [
    ".",
    "btcsuite/btcd/btcec",
    "btcsuite/btcutil",
    "btcsuite/btcutil/base58",
    "ecc",
    "eoserr",
  ]
  pruneopts = "UT"
  revision = "dc31757533135f3380a5dd5143531eef82fdbeff"
  version = "v0.8.11"

[[projects]]
  branch = "master"
  digest = "1:d6bc8f74c267a5738e0c20cc0d465d9a633a771f077721caae1be64080657616"
  name = "github.com/eosforce/goeosforce"
  packages = [
    ".",
    "btcsuite/btcd/btcec",
    "btcsuite/btcutil",
    "btcsuite/btcutil/base58",
    "ecc",
    "eoserr",
  ]
  pruneopts = "UT"
  revision = "2f03154bca8f1b9758f34aa2fc249357630a58fd"

[[projects]]
  branch = "master"
  digest = "1:88880cf13047d637647443f2ce5534fc072d75abaaa6e5e2b33d1935cf265808"
  name = "github.com/eosforce/goforceio"
  packages = [
    ".",
    "btcsuite/btcd/btcec",
    "btcsuite/btcutil",
    "btcsuite/btcutil/base58",
    "ecc",
    "eoserr",
  ]
  pruneopts = "UT"
  revision = "aaf7221564db2bfb705740a111f8d9d05f410fe4"

[[projects]]
  digest = "1:cf31692c14422fa27c83a05292eb5cbe0fb2775972e8f1f8446a71549bd8980b"
  name = "github.com/pkg/errors"
  packages = ["."]
  pruneopts = "UT"
  revision = "ba968bfe8b2f7e042a574c888954fccecfa385b4"
  version = "v0.8.1"

[[projects]]
  digest = "1:7df351557a6d5c30804e7d6f7ed87f2fccb0619c08fcc84869a93f22bec96c11"
  name = "github.com/tidwall/gjson"
  packages = ["."]
  pruneopts = "UT"
  revision = "eee0b6226f0d1db2675a176fdfaa8419bcad4ca8"
  version = "v1.2.1"

[[projects]]
  digest = "1:8453ddbed197809ee8ca28b06bd04e127bec9912deb4ba451fea7a1eca578328"
  name = "github.com/tidwall/match"
  packages = ["."]
  pruneopts = "UT"
  revision = "33827db735fff6510490d69a8622612558a557ed"
  version = "v1.0.1"

[[projects]]
  branch = "master"
  digest = "1:ddfe0a54e5f9b29536a6d7b2defa376f2cb2b6e4234d676d7ff214d5b097cb50"
  name = "github.com/tidwall/pretty"
  packages = ["."]
  pruneopts = "UT"
  revision = "1166b9ac2b65e46a43d8618d30d1554f4652d49b"

[[projects]]
  digest = "1:b70c951ba6fdeecfbd50dabe95aa5e1b973866ae9abbece46ad60348112214f2"
  name = "github.com/tidwall/sjson"
  packages = ["."]
  pruneopts = "UT"
  revision = "25fb082a20e29e83fb7b7ef5f5919166aad1f084"
  version = "v1.0.4"

[[projects]]
  digest = "1:777e729b475d3895c7229552aa10076f0d177daf37c0a72258006d046d329960"
  name = "go.uber.org/atomic"
  packages = ["."]
  pruneopts = "UT"
  revision = "4e336646b2ef9fc6e47be8e21594178f98e5ebcf"
  version = "v1.2.0"

[[projects]]
  digest = "1:60bf2a5e347af463c42ed31a493d817f8a72f102543060ed992754e689805d1a"
  name = "go.uber.org/multierr"
  packages = ["."]
  pruneopts = "UT"
  revision = "3c4937480c32f4c13a875a1829af76c98ca3d40a"
  version = "v1.1.0"

[[projects]]
  digest = "1:676160e6a4722b08e0e26b11521d575c2cb2b6f0c679e1ee6178c5d8dee51e5e"
  name = "go.uber.org/zap"
  packages = [
    ".",
    "buffer",
    "internal/bufferpool",
    "internal/color",
    "internal/exit",
    "zapcore",
  ]
  pruneopts = "UT"
  revision = "27376062155ad36be76b0f12cf1572a221d3a48c"
  version = "v1.10.0"

[[projects]]
  branch = "master"
  digest = "1:1fa95129371749532e2ac8b93a0016c549ebe77f25c6fad296b6ee271fae2fd6"
  name = "golang.org/x/crypto"
  packages = ["ripemd160"]
  pruneopts = "UT"
  revision = "a29dc8fdc73485234dbef99ebedb95d2eced08de"

[solve-meta]
  analyzer-name = "dep"
  analyzer-version = 1
  input-imports = [
    "github.com/cihub/seelog",
    "github.com/eoscanada/eos-go",
    "github.com/eoscanada/eos-go/ecc",
    "github.com/eosforce/goeosforce",
    "github.com/eosforce/goeosforce/ecc",
    "github.com/eosforce/goforceio",
    "github.com/eosforce/goforceio/ecc",
    "github.com/pkg/errors",
  ]
  solver-name = "gps-cdcl"
  solver-version = 1
